
Microsoft Visual Studio Solution File, Format Version 12.00
# Visual Studio Version 17
VisualStudioVersion = 17.5.002.0
MinimumVisualStudioVersion = 10.0.40219.1
Project("{9A19103F-16F7-4668-BE54-9A1E7A4F7556}") = "api", "api\api.csproj", "{29523D10-2522-4823-918B-A2219C379E0B}"
EndProject
Global
	GlobalSection(SolutionConfigurationPlatforms) = preSolution
		Debug|Any CPU = Debug|Any CPU
		Release|Any CPU = Release|Any CPU
	EndGlobalSection
	GlobalSection(ProjectConfigurationPlatforms) = postSolution
		{29523D10-2522-4823-918B-A2219C379E0B}.Debug|Any CPU.ActiveCfg = Debug|Any CPU
		{29523D10-2522-4823-918B-A2219C379E0B}.Debug|Any CPU.Build.0 = Debug|Any CPU
		{29523D10-2522-4823-918B-A2219C379E0B}.Release|Any CPU.ActiveCfg = Release|Any CPU
		{29523D10-2522-4823-918B-A2219C379E0B}.Release|Any CPU.Build.0 = Release|Any CPU
	EndGlobalSection
	GlobalSection(SolutionProperties) = preSolution
		HideSolutionNode = FALSE
	EndGlobalSection
	GlobalSection(ExtensibilityGlobals) = postSolution
		SolutionGuid = {55D84D48-2CBA-4F52-AF3D-6BFBE8083824}
	EndGlobalSection
EndGlobal
